// !$*UTF8*$!
{
	archiveVersion = 1;
	classes = {
	};
	objectVersion = 46;
	objects = {

/* Begin PBXBuildFile section */
		18139A271DC33D9B00EC6A4B /* JImageLRUMemoryCache.m in Sources */ = {isa = PBXBuildFile; fileRef = 18139A261DC33D9B00EC6A4B /* JImageLRUMemoryCache.m */; };
		181F15441DE7D8A0001A50E8 /* JIncrementalImageResource.m in Sources */ = {isa = PBXBuildFile; fileRef = 181F15431DE7D8A0001A50E8 /* JIncrementalImageResource.m */; };
		1882D7161D976C240039535A /* AppDelegate.m in Sources */ = {isa = PBXBuildFile; fileRef = 1882D7151D976C240039535A /* AppDelegate.m */; };
		1882D7191D976C240039535A /* ViewController.m in Sources */ = {isa = PBXBuildFile; fileRef = 1882D7181D976C240039535A /* ViewController.m */; };
		1882D71C1D976C240039535A /* Main.storyboard in Resources */ = {isa = PBXBuildFile; fileRef = 1882D71A1D976C240039535A /* Main.storyboard */; };
		1882D71E1D976C240039535A /* Assets.xcassets in Resources */ = {isa = PBXBuildFile; fileRef = 1882D71D1D976C240039535A /* Assets.xcassets */; };
		1882D7211D976C240039535A /* LaunchScreen.storyboard in Resources */ = {isa = PBXBuildFile; fileRef = 1882D71F1D976C240039535A /* LaunchScreen.storyboard */; };
		1882D72C1D976C240039535A /* ShireTests.m in Sources */ = {isa = PBXBuildFile; fileRef = 1882D72B1D976C240039535A /* ShireTests.m */; };
		1882D7371D976C240039535A /* ShireUITests.m in Sources */ = {isa = PBXBuildFile; fileRef = 1882D7361D976C240039535A /* ShireUITests.m */; };
		1882D7461D97A7880039535A /* JImageDownloadOperation.m in Sources */ = {isa = PBXBuildFile; fileRef = 1882D7451D97A7880039535A /* JImageDownloadOperation.m */; };
		1882D7491D97B5530039535A /* main.m in Sources */ = {isa = PBXBuildFile; fileRef = 1882D7481D97B5530039535A /* main.m */; };
		1892AED31DC0EAB400CA93CB /* MemoryCacheTestCase.m in Sources */ = {isa = PBXBuildFile; fileRef = 1892AED21DC0EAB400CA93CB /* MemoryCacheTestCase.m */; };
		18A132691DBF743600CF473B /* JImageMemoryCache.m in Sources */ = {isa = PBXBuildFile; fileRef = 18A132681DBF743600CF473B /* JImageMemoryCache.m */; };
		18A1326C1DBF789E00CF473B /* JImageLFUMemoryCache.m in Sources */ = {isa = PBXBuildFile; fileRef = 18A1326B1DBF789E00CF473B /* JImageLFUMemoryCache.m */; };
		18BA1C891DBB45180083D965 /* JImageCache.m in Sources */ = {isa = PBXBuildFile; fileRef = 18BA1C881DBB45180083D965 /* JImageCache.m */; };
		18C6C1261DE5C02E005A8C58 /* JIncrementalImageDownloader.m in Sources */ = {isa = PBXBuildFile; fileRef = 18C6C1251DE5C02E005A8C58 /* JIncrementalImageDownloader.m */; };
		18C6C12B1DE5C5F1005A8C58 /* JImageDisplayViewController.m in Sources */ = {isa = PBXBuildFile; fileRef = 18C6C12A1DE5C5F1005A8C58 /* JImageDisplayViewController.m */; };
		18C6C12E1DE5C760005A8C58 /* UIImageView+DownloadImage.m in Sources */ = {isa = PBXBuildFile; fileRef = 18C6C12D1DE5C760005A8C58 /* UIImageView+DownloadImage.m */; };
		18C6C1311DE6F271005A8C58 /* JOperationNode.m in Sources */ = {isa = PBXBuildFile; fileRef = 18C6C1301DE6F271005A8C58 /* JOperationNode.m */; };
		18FDBA7C1DE2CD920061E95E /* JDownloadOperation.m in Sources */ = {isa = PBXBuildFile; fileRef = 18FDBA7B1DE2CD920061E95E /* JDownloadOperation.m */; };
		18FDBA951DE471C30061E95E /* JDownloadOperationTester.m in Sources */ = {isa = PBXBuildFile; fileRef = 18FDBA941DE471C30061E95E /* JDownloadOperationTester.m */; };
		18FDBA971DE4760C0061E95E /* JDownloadOperationTestCase.m in Sources */ = {isa = PBXBuildFile; fileRef = 18FDBA961DE4760C0061E95E /* JDownloadOperationTestCase.m */; };
/* End PBXBuildFile section */

/* Begin PBXContainerItemProxy section */
		1882D7281D976C240039535A /* PBXContainerItemProxy */ = {
			isa = PBXContainerItemProxy;
			containerPortal = 1882D7061D976C240039535A /* Project object */;
			proxyType = 1;
			remoteGlobalIDString = 1882D70D1D976C240039535A;
			remoteInfo = Shire;
		};
		1882D7331D976C240039535A /* PBXContainerItemProxy */ = {
			isa = PBXContainerItemProxy;
			containerPortal = 1882D7061D976C240039535A /* Project object */;
			proxyType = 1;
			remoteGlobalIDString = 1882D70D1D976C240039535A;
			remoteInfo = Shire;
		};
/* End PBXContainerItemProxy section */

/* Begin PBXFileReference section */
		18139A251DC33D9B00EC6A4B /* JImageLRUMemoryCache.h */ = {isa = PBXFileReference; fileEncoding = 4; lastKnownFileType = sourcecode.c.h; name = JImageLRUMemoryCache.h; path = ImageDownloadManager/JImageLRUMemoryCache.h; sourceTree = "<group>"; };
		18139A261DC33D9B00EC6A4B /* JImageLRUMemoryCache.m */ = {isa = PBXFileReference; fileEncoding = 4; lastKnownFileType = sourcecode.c.objc; name = JImageLRUMemoryCache.m; path = ImageDownloadManager/JImageLRUMemoryCache.m; sourceTree = "<group>"; };
		181F15421DE7D8A0001A50E8 /* JIncrementalImageResource.h */ = {isa = PBXFileReference; fileEncoding = 4; lastKnownFileType = sourcecode.c.h; name = JIncrementalImageResource.h; path = ImageDownloadManager/JIncrementalImageResource.h; sourceTree = "<group>"; };
		181F15431DE7D8A0001A50E8 /* JIncrementalImageResource.m */ = {isa = PBXFileReference; fileEncoding = 4; lastKnownFileType = sourcecode.c.objc; name = JIncrementalImageResource.m; path = ImageDownloadManager/JIncrementalImageResource.m; sourceTree = "<group>"; };
		1882D70E1D976C240039535A /* Shire.app */ = {isa = PBXFileReference; explicitFileType = wrapper.application; includeInIndex = 0; path = Shire.app; sourceTree = BUILT_PRODUCTS_DIR; };
		1882D7141D976C240039535A /* AppDelegate.h */ = {isa = PBXFileReference; lastKnownFileType = sourcecode.c.h; path = AppDelegate.h; sourceTree = "<group>"; };
		1882D7151D976C240039535A /* AppDelegate.m */ = {isa = PBXFileReference; lastKnownFileType = sourcecode.c.objc; path = AppDelegate.m; sourceTree = "<group>"; };
		1882D7171D976C240039535A /* ViewController.h */ = {isa = PBXFileReference; lastKnownFileType = sourcecode.c.h; path = ViewController.h; sourceTree = "<group>"; };
		1882D7181D976C240039535A /* ViewController.m */ = {isa = PBXFileReference; lastKnownFileType = sourcecode.c.objc; path = ViewController.m; sourceTree = "<group>"; };
		1882D71B1D976C240039535A /* Base */ = {isa = PBXFileReference; lastKnownFileType = file.storyboard; name = Base; path = Base.lproj/Main.storyboard; sourceTree = "<group>"; };
		1882D71D1D976C240039535A /* Assets.xcassets */ = {isa = PBXFileReference; lastKnownFileType = folder.assetcatalog; path = Assets.xcassets; sourceTree = "<group>"; };
		1882D7201D976C240039535A /* Base */ = {isa = PBXFileReference; lastKnownFileType = file.storyboard; name = Base; path = Base.lproj/LaunchScreen.storyboard; sourceTree = "<group>"; };
		1882D7221D976C240039535A /* Info.plist */ = {isa = PBXFileReference; lastKnownFileType = text.plist.xml; path = Info.plist; sourceTree = "<group>"; };
		1882D7271D976C240039535A /* ShireTests.xctest */ = {isa = PBXFileReference; explicitFileType = wrapper.cfbundle; includeInIndex = 0; path = ShireTests.xctest; sourceTree = BUILT_PRODUCTS_DIR; };
		1882D72B1D976C240039535A /* ShireTests.m */ = {isa = PBXFileReference; lastKnownFileType = sourcecode.c.objc; path = ShireTests.m; sourceTree = "<group>"; };
		1882D72D1D976C240039535A /* Info.plist */ = {isa = PBXFileReference; lastKnownFileType = text.plist.xml; path = Info.plist; sourceTree = "<group>"; };
		1882D7321D976C240039535A /* ShireUITests.xctest */ = {isa = PBXFileReference; explicitFileType = wrapper.cfbundle; includeInIndex = 0; path = ShireUITests.xctest; sourceTree = BUILT_PRODUCTS_DIR; };
		1882D7361D976C240039535A /* ShireUITests.m */ = {isa = PBXFileReference; lastKnownFileType = sourcecode.c.objc; path = ShireUITests.m; sourceTree = "<group>"; };
		1882D7381D976C240039535A /* Info.plist */ = {isa = PBXFileReference; lastKnownFileType = text.plist.xml; path = Info.plist; sourceTree = "<group>"; };
		1882D7441D97A7880039535A /* JImageDownloadOperation.h */ = {isa = PBXFileReference; fileEncoding = 4; lastKnownFileType = sourcecode.c.h; name = JImageDownloadOperation.h; path = ImageDownloadManager/JImageDownloadOperation.h; sourceTree = "<group>"; };
		1882D7451D97A7880039535A /* JImageDownloadOperation.m */ = {isa = PBXFileReference; fileEncoding = 4; lastKnownFileType = sourcecode.c.objc; name = JImageDownloadOperation.m; path = ImageDownloadManager/JImageDownloadOperation.m; sourceTree = "<group>"; };
		1882D7481D97B5530039535A /* main.m */ = {isa = PBXFileReference; fileEncoding = 4; lastKnownFileType = sourcecode.c.objc; path = main.m; sourceTree = "<group>"; };
		1892AED21DC0EAB400CA93CB /* MemoryCacheTestCase.m */ = {isa = PBXFileReference; fileEncoding = 4; lastKnownFileType = sourcecode.c.objc; path = MemoryCacheTestCase.m; sourceTree = "<group>"; };
		18A132671DBF743600CF473B /* JImageMemoryCache.h */ = {isa = PBXFileReference; fileEncoding = 4; lastKnownFileType = sourcecode.c.h; name = JImageMemoryCache.h; path = ImageDownloadManager/JImageMemoryCache.h; sourceTree = "<group>"; };
		18A132681DBF743600CF473B /* JImageMemoryCache.m */ = {isa = PBXFileReference; fileEncoding = 4; lastKnownFileType = sourcecode.c.objc; name = JImageMemoryCache.m; path = ImageDownloadManager/JImageMemoryCache.m; sourceTree = "<group>"; };
		18A1326A1DBF789E00CF473B /* JImageLFUMemoryCache.h */ = {isa = PBXFileReference; fileEncoding = 4; lastKnownFileType = sourcecode.c.h; name = JImageLFUMemoryCache.h; path = ImageDownloadManager/JImageLFUMemoryCache.h; sourceTree = "<group>"; };
		18A1326B1DBF789E00CF473B /* JImageLFUMemoryCache.m */ = {isa = PBXFileReference; fileEncoding = 4; lastKnownFileType = sourcecode.c.objc; name = JImageLFUMemoryCache.m; path = ImageDownloadManager/JImageLFUMemoryCache.m; sourceTree = "<group>"; };
		18BA1C871DBB45180083D965 /* JImageCache.h */ = {isa = PBXFileReference; fileEncoding = 4; lastKnownFileType = sourcecode.c.h; name = JImageCache.h; path = ImageDownloadManager/JImageCache.h; sourceTree = "<group>"; };
		18BA1C881DBB45180083D965 /* JImageCache.m */ = {isa = PBXFileReference; fileEncoding = 4; lastKnownFileType = sourcecode.c.objc; name = JImageCache.m; path = ImageDownloadManager/JImageCache.m; sourceTree = "<group>"; };
		18C6C1241DE5C02E005A8C58 /* JIncrementalImageDownloader.h */ = {isa = PBXFileReference; fileEncoding = 4; lastKnownFileType = sourcecode.c.h; name = JIncrementalImageDownloader.h; path = ImageDownloadManager/JIncrementalImageDownloader.h; sourceTree = "<group>"; };
		18C6C1251DE5C02E005A8C58 /* JIncrementalImageDownloader.m */ = {isa = PBXFileReference; fileEncoding = 4; lastKnownFileType = sourcecode.c.objc; name = JIncrementalImageDownloader.m; path = ImageDownloadManager/JIncrementalImageDownloader.m; sourceTree = "<group>"; };
		18C6C1291DE5C5F1005A8C58 /* JImageDisplayViewController.h */ = {isa = PBXFileReference; fileEncoding = 4; lastKnownFileType = sourcecode.c.h; path = JImageDisplayViewController.h; sourceTree = "<group>"; };
		18C6C12A1DE5C5F1005A8C58 /* JImageDisplayViewController.m */ = {isa = PBXFileReference; fileEncoding = 4; lastKnownFileType = sourcecode.c.objc; path = JImageDisplayViewController.m; sourceTree = "<group>"; };
		18C6C12C1DE5C760005A8C58 /* UIImageView+DownloadImage.h */ = {isa = PBXFileReference; fileEncoding = 4; lastKnownFileType = sourcecode.c.h; name = "UIImageView+DownloadImage.h"; path = "ImageDownloadManager/UIImageView+DownloadImage.h"; sourceTree = "<group>"; };
		18C6C12D1DE5C760005A8C58 /* UIImageView+DownloadImage.m */ = {isa = PBXFileReference; fileEncoding = 4; lastKnownFileType = sourcecode.c.objc; name = "UIImageView+DownloadImage.m"; path = "ImageDownloadManager/UIImageView+DownloadImage.m"; sourceTree = "<group>"; };
		18C6C12F1DE6F271005A8C58 /* JOperationNode.h */ = {isa = PBXFileReference; fileEncoding = 4; lastKnownFileType = sourcecode.c.h; name = JOperationNode.h; path = ImageDownloadManager/JOperationNode.h; sourceTree = "<group>"; };
		18C6C1301DE6F271005A8C58 /* JOperationNode.m */ = {isa = PBXFileReference; fileEncoding = 4; lastKnownFileType = sourcecode.c.objc; name = JOperationNode.m; path = ImageDownloadManager/JOperationNode.m; sourceTree = "<group>"; };
		18C6C1321DE6F2B6005A8C58 /* JUpdatableOperationContext.h */ = {isa = PBXFileReference; fileEncoding = 4; lastKnownFileType = sourcecode.c.h; path = JUpdatableOperationContext.h; sourceTree = "<group>"; };
		18FDBA7A1DE2CD920061E95E /* JDownloadOperation.h */ = {isa = PBXFileReference; fileEncoding = 4; lastKnownFileType = sourcecode.c.h; name = JDownloadOperation.h; path = ImageDownloadManager/JDownloadOperation.h; sourceTree = "<group>"; };
		18FDBA7B1DE2CD920061E95E /* JDownloadOperation.m */ = {isa = PBXFileReference; fileEncoding = 4; lastKnownFileType = sourcecode.c.objc; name = JDownloadOperation.m; path = ImageDownloadManager/JDownloadOperation.m; sourceTree = "<group>"; };
		18FDBA931DE471C30061E95E /* JDownloadOperationTester.h */ = {isa = PBXFileReference; fileEncoding = 4; lastKnownFileType = sourcecode.c.h; path = JDownloadOperationTester.h; sourceTree = "<group>"; };
		18FDBA941DE471C30061E95E /* JDownloadOperationTester.m */ = {isa = PBXFileReference; fileEncoding = 4; lastKnownFileType = sourcecode.c.objc; path = JDownloadOperationTester.m; sourceTree = "<group>"; };
		18FDBA961DE4760C0061E95E /* JDownloadOperationTestCase.m */ = {isa = PBXFileReference; fileEncoding = 4; lastKnownFileType = sourcecode.c.objc; path = JDownloadOperationTestCase.m; sourceTree = "<group>"; };
/* End PBXFileReference section */

/* Begin PBXFrameworksBuildPhase section */
		1882D70B1D976C240039535A /* Frameworks */ = {
			isa = PBXFrameworksBuildPhase;
			buildActionMask = 2147483647;
			files = (
			);
			runOnlyForDeploymentPostprocessing = 0;
		};
		1882D7241D976C240039535A /* Frameworks */ = {
			isa = PBXFrameworksBuildPhase;
			buildActionMask = 2147483647;
			files = (
			);
			runOnlyForDeploymentPostprocessing = 0;
		};
		1882D72F1D976C240039535A /* Frameworks */ = {
			isa = PBXFrameworksBuildPhase;
			buildActionMask = 2147483647;
			files = (
			);
			runOnlyForDeploymentPostprocessing = 0;
		};
/* End PBXFrameworksBuildPhase section */

/* Begin PBXGroup section */
		1882D7051D976C240039535A = {
			isa = PBXGroup;
			children = (
				1882D7101D976C240039535A /* Shire */,
				1882D72A1D976C240039535A /* ShireTests */,
				1882D7351D976C240039535A /* ShireUITests */,
				1882D70F1D976C240039535A /* Products */,
			);
			sourceTree = "<group>";
		};
		1882D70F1D976C240039535A /* Products */ = {
			isa = PBXGroup;
			children = (
				1882D70E1D976C240039535A /* Shire.app */,
				1882D7271D976C240039535A /* ShireTests.xctest */,
				1882D7321D976C240039535A /* ShireUITests.xctest */,
			);
			name = Products;
			sourceTree = "<group>";
		};
		1882D7101D976C240039535A /* Shire */ = {
			isa = PBXGroup;
			children = (
				1882D7141D976C240039535A /* AppDelegate.h */,
				1882D7151D976C240039535A /* AppDelegate.m */,
				1882D7171D976C240039535A /* ViewController.h */,
				1882D7181D976C240039535A /* ViewController.m */,
				18C6C1291DE5C5F1005A8C58 /* JImageDisplayViewController.h */,
				18C6C12A1DE5C5F1005A8C58 /* JImageDisplayViewController.m */,
				1882D71A1D976C240039535A /* Main.storyboard */,
				1882D71D1D976C240039535A /* Assets.xcassets */,
				1882D71F1D976C240039535A /* LaunchScreen.storyboard */,
				1882D7111D976C240039535A /* Supporting Files */,
				18C6C1231DE5BFD5005A8C58 /* downloader */,
				18FDBA761DE2CD040061E95E /* cache */,
				18C6C12C1DE5C760005A8C58 /* UIImageView+DownloadImage.h */,
				18C6C12D1DE5C760005A8C58 /* UIImageView+DownloadImage.m */,
			);
			path = Shire;
			sourceTree = "<group>";
		};
		1882D7111D976C240039535A /* Supporting Files */ = {
			isa = PBXGroup;
			children = (
				1882D7221D976C240039535A /* Info.plist */,
				1882D7481D97B5530039535A /* main.m */,
			);
			name = "Supporting Files";
			sourceTree = "<group>";
		};
		1882D72A1D976C240039535A /* ShireTests */ = {
			isa = PBXGroup;
			children = (
				18FDBA931DE471C30061E95E /* JDownloadOperationTester.h */,
				18FDBA941DE471C30061E95E /* JDownloadOperationTester.m */,
				18FDBA961DE4760C0061E95E /* JDownloadOperationTestCase.m */,
				1882D72B1D976C240039535A /* ShireTests.m */,
				1892AED21DC0EAB400CA93CB /* MemoryCacheTestCase.m */,
				1882D72D1D976C240039535A /* Info.plist */,
			);
			path = ShireTests;
			sourceTree = "<group>";
		};
		1882D7351D976C240039535A /* ShireUITests */ = {
			isa = PBXGroup;
			children = (
				1882D7361D976C240039535A /* ShireUITests.m */,
				1882D7381D976C240039535A /* Info.plist */,
			);
			path = ShireUITests;
			sourceTree = "<group>";
		};
		18C6C1231DE5BFD5005A8C58 /* downloader */ = {
			isa = PBXGroup;
			children = (
				1882D7441D97A7880039535A /* JImageDownloadOperation.h */,
				1882D7451D97A7880039535A /* JImageDownloadOperation.m */,
				18FDBA7A1DE2CD920061E95E /* JDownloadOperation.h */,
				18FDBA7B1DE2CD920061E95E /* JDownloadOperation.m */,
				18C6C1241DE5C02E005A8C58 /* JIncrementalImageDownloader.h */,
				18C6C1251DE5C02E005A8C58 /* JIncrementalImageDownloader.m */,
				181F15421DE7D8A0001A50E8 /* JIncrementalImageResource.h */,
				181F15431DE7D8A0001A50E8 /* JIncrementalImageResource.m */,
				18C6C12F1DE6F271005A8C58 /* JOperationNode.h */,
				18C6C1301DE6F271005A8C58 /* JOperationNode.m */,
				18C6C1321DE6F2B6005A8C58 /* JUpdatableOperationContext.h */,
			);
			name = downloader;
			sourceTree = "<group>";
		};
		18FDBA761DE2CD040061E95E /* cache */ = {
			isa = PBXGroup;
			children = (
				18BA1C871DBB45180083D965 /* JImageCache.h */,
				18BA1C881DBB45180083D965 /* JImageCache.m */,
				18A132671DBF743600CF473B /* JImageMemoryCache.h */,
				18A132681DBF743600CF473B /* JImageMemoryCache.m */,
				18A1326A1DBF789E00CF473B /* JImageLFUMemoryCache.h */,
				18A1326B1DBF789E00CF473B /* JImageLFUMemoryCache.m */,
				18139A251DC33D9B00EC6A4B /* JImageLRUMemoryCache.h */,
				18139A261DC33D9B00EC6A4B /* JImageLRUMemoryCache.m */,
			);
			name = cache;
			sourceTree = "<group>";
		};
/* End PBXGroup section */

/* Begin PBXNativeTarget section */
		1882D70D1D976C240039535A /* Shire */ = {
			isa = PBXNativeTarget;
			buildConfigurationList = 1882D73B1D976C240039535A /* Build configuration list for PBXNativeTarget "Shire" */;
			buildPhases = (
				1882D70A1D976C240039535A /* Sources */,
				1882D70B1D976C240039535A /* Frameworks */,
				1882D70C1D976C240039535A /* Resources */,
			);
			buildRules = (
			);
			dependencies = (
			);
			name = Shire;
			productName = Shire;
			productReference = 1882D70E1D976C240039535A /* Shire.app */;
			productType = "com.apple.product-type.application";
		};
		1882D7261D976C240039535A /* ShireTests */ = {
			isa = PBXNativeTarget;
			buildConfigurationList = 1882D73E1D976C240039535A /* Build configuration list for PBXNativeTarget "ShireTests" */;
			buildPhases = (
				1882D7231D976C240039535A /* Sources */,
				1882D7241D976C240039535A /* Frameworks */,
				1882D7251D976C240039535A /* Resources */,
			);
			buildRules = (
			);
			dependencies = (
				1882D7291D976C240039535A /* PBXTargetDependency */,
			);
			name = ShireTests;
			productName = ShireTests;
			productReference = 1882D7271D976C240039535A /* ShireTests.xctest */;
			productType = "com.apple.product-type.bundle.unit-test";
		};
		1882D7311D976C240039535A /* ShireUITests */ = {
			isa = PBXNativeTarget;
			buildConfigurationList = 1882D7411D976C240039535A /* Build configuration list for PBXNativeTarget "ShireUITests" */;
			buildPhases = (
				1882D72E1D976C240039535A /* Sources */,
				1882D72F1D976C240039535A /* Frameworks */,
				1882D7301D976C240039535A /* Resources */,
			);
			buildRules = (
			);
			dependencies = (
				1882D7341D976C240039535A /* PBXTargetDependency */,
			);
			name = ShireUITests;
			productName = ShireUITests;
			productReference = 1882D7321D976C240039535A /* ShireUITests.xctest */;
			productType = "com.apple.product-type.bundle.ui-testing";
		};
/* End PBXNativeTarget section */

/* Begin PBXProject section */
		1882D7061D976C240039535A /* Project object */ = {
			isa = PBXProject;
			attributes = {
				LastUpgradeCheck = 0810;
				ORGANIZATIONNAME = huatengIOT;
				TargetAttributes = {
					1882D70D1D976C240039535A = {
						CreatedOnToolsVersion = 8.0;
						DevelopmentTeam = LMFYAZF64N;
						ProvisioningStyle = Automatic;
					};
					1882D7261D976C240039535A = {
						CreatedOnToolsVersion = 8.0;
						DevelopmentTeam = LMFYAZF64N;
						ProvisioningStyle = Automatic;
						TestTargetID = 1882D70D1D976C240039535A;
					};
					1882D7311D976C240039535A = {
						CreatedOnToolsVersion = 8.0;
						DevelopmentTeam = LMFYAZF64N;
						ProvisioningStyle = Automatic;
						TestTargetID = 1882D70D1D976C240039535A;
					};
				};
			};
			buildConfigurationList = 1882D7091D976C240039535A /* Build configuration list for PBXProject "Shire" */;
			compatibilityVersion = "Xcode 3.2";
			developmentRegion = English;
			hasScannedForEncodings = 0;
			knownRegions = (
				en,
				Base,
			);
			mainGroup = 1882D7051D976C240039535A;
			productRefGroup = 1882D70F1D976C240039535A /* Products */;
			projectDirPath = "";
			projectRoot = "";
			targets = (
				1882D70D1D976C240039535A /* Shire */,
				1882D7261D976C240039535A /* ShireTests */,
				1882D7311D976C240039535A /* ShireUITests */,
			);
		};
/* End PBXProject section */

/* Begin PBXResourcesBuildPhase section */
		1882D70C1D976C240039535A /* Resources */ = {
			isa = PBXResourcesBuildPhase;
			buildActionMask = 2147483647;
			files = (
				1882D7211D976C240039535A /* LaunchScreen.storyboard in Resources */,
				1882D71E1D976C240039535A /* Assets.xcassets in Resources */,
				1882D71C1D976C240039535A /* Main.storyboard in Resources */,
			);
			runOnlyForDeploymentPostprocessing = 0;
		};
		1882D7251D976C240039535A /* Resources */ = {
			isa = PBXResourcesBuildPhase;
			buildActionMask = 2147483647;
			files = (
			);
			runOnlyForDeploymentPostprocessing = 0;
		};
		1882D7301D976C240039535A /* Resources */ = {
			isa = PBXResourcesBuildPhase;
			buildActionMask = 2147483647;
			files = (
			);
			runOnlyForDeploymentPostprocessing = 0;
		};
/* End PBXResourcesBuildPhase section */

/* Begin PBXSourcesBuildPhase section */
		1882D70A1D976C240039535A /* Sources */ = {
			isa = PBXSourcesBuildPhase;
			buildActionMask = 2147483647;
			files = (
				18A1326C1DBF789E00CF473B /* JImageLFUMemoryCache.m in Sources */,
				18FDBA7C1DE2CD920061E95E /* JDownloadOperation.m in Sources */,
				18C6C1261DE5C02E005A8C58 /* JIncrementalImageDownloader.m in Sources */,
				18C6C12B1DE5C5F1005A8C58 /* JImageDisplayViewController.m in Sources */,
				181F15441DE7D8A0001A50E8 /* JIncrementalImageResource.m in Sources */,
				18C6C12E1DE5C760005A8C58 /* UIImageView+DownloadImage.m in Sources */,
				18C6C1311DE6F271005A8C58 /* JOperationNode.m in Sources */,
				1882D7191D976C240039535A /* ViewController.m in Sources */,
				1882D7161D976C240039535A /* AppDelegate.m in Sources */,
				18BA1C891DBB45180083D965 /* JImageCache.m in Sources */,
				1882D7491D97B5530039535A /* main.m in Sources */,
				18A132691DBF743600CF473B /* JImageMemoryCache.m in Sources */,
				18139A271DC33D9B00EC6A4B /* JImageLRUMemoryCache.m in Sources */,
				1882D7461D97A7880039535A /* JImageDownloadOperation.m in Sources */,
			);
			runOnlyForDeploymentPostprocessing = 0;
		};
		1882D7231D976C240039535A /* Sources */ = {
			isa = PBXSourcesBuildPhase;
			buildActionMask = 2147483647;
			files = (
				1882D72C1D976C240039535A /* ShireTests.m in Sources */,
				18FDBA951DE471C30061E95E /* JDownloadOperationTester.m in Sources */,
				18FDBA971DE4760C0061E95E /* JDownloadOperationTestCase.m in Sources */,
				1892AED31DC0EAB400CA93CB /* MemoryCacheTestCase.m in Sources */,
			);
			runOnlyForDeploymentPostprocessing = 0;
		};
		1882D72E1D976C240039535A /* Sources */ = {
			isa = PBXSourcesBuildPhase;
			buildActionMask = 2147483647;
			files = (
				1882D7371D976C240039535A /* ShireUITests.m in Sources */,
			);
			runOnlyForDeploymentPostprocessing = 0;
		};
/* End PBXSourcesBuildPhase section */

/* Begin PBXTargetDependency section */
		1882D7291D976C240039535A /* PBXTargetDependency */ = {
			isa = PBXTargetDependency;
			target = 1882D70D1D976C240039535A /* Shire */;
			targetProxy = 1882D7281D976C240039535A /* PBXContainerItemProxy */;
		};
		1882D7341D976C240039535A /* PBXTargetDependency */ = {
			isa = PBXTargetDependency;
			target = 1882D70D1D976C240039535A /* Shire */;
			targetProxy = 1882D7331D976C240039535A /* PBXContainerItemProxy */;
		};
/* End PBXTargetDependency section */

/* Begin PBXVariantGroup section */
		1882D71A1D976C240039535A /* Main.storyboard */ = {
			isa = PBXVariantGroup;
			children = (
				1882D71B1D976C240039535A /* Base */,
			);
			name = Main.storyboard;
			sourceTree = "<group>";
		};
		1882D71F1D976C240039535A /* LaunchScreen.storyboard */ = {
			isa = PBXVariantGroup;
			children = (
				1882D7201D976C240039535A /* Base */,
			);
			name = LaunchScreen.storyboard;
			sourceTree = "<group>";
		};
/* End PBXVariantGroup section */

/* Begin XCBuildConfiguration section */
		1882D7391D976C240039535A /* Debug */ = {
			isa = XCBuildConfiguration;
			buildSettings = {
				ALWAYS_SEARCH_USER_PATHS = NO;
				CLANG_ANALYZER_NONNULL = YES;
				CLANG_CXX_LANGUAGE_STANDARD = "gnu++0x";
				CLANG_CXX_LIBRARY = "libc++";
				CLANG_ENABLE_MODULES = YES;
				CLANG_ENABLE_OBJC_ARC = YES;
				CLANG_WARN_BOOL_CONVERSION = YES;
				CLANG_WARN_CONSTANT_CONVERSION = YES;
				CLANG_WARN_DIRECT_OBJC_ISA_USAGE = YES_ERROR;
				CLANG_WARN_DOCUMENTATION_COMMENTS = YES;
				CLANG_WARN_EMPTY_BODY = YES;
				CLANG_WARN_ENUM_CONVERSION = YES;
				CLANG_WARN_INFINITE_RECURSION = YES;
				CLANG_WARN_INT_CONVERSION = YES;
				CLANG_WARN_OBJC_ROOT_CLASS = YES_ERROR;
				CLANG_WARN_SUSPICIOUS_MOVE = YES;
				CLANG_WARN_SUSPICIOUS_MOVES = YES;
				CLANG_WARN_UNREACHABLE_CODE = YES;
				CLANG_WARN__DUPLICATE_METHOD_MATCH = YES;
				"CODE_SIGN_IDENTITY[sdk=iphoneos*]" = "iPhone Developer";
				COPY_PHASE_STRIP = NO;
				DEBUG_INFORMATION_FORMAT = dwarf;
				ENABLE_STRICT_OBJC_MSGSEND = YES;
				ENABLE_TESTABILITY = YES;
				GCC_C_LANGUAGE_STANDARD = gnu99;
				GCC_DYNAMIC_NO_PIC = NO;
				GCC_NO_COMMON_BLOCKS = YES;
				GCC_OPTIMIZATION_LEVEL = 0;
				GCC_PREPROCESSOR_DEFINITIONS = (
					"DEBUG=1",
					"$(inherited)",
				);
				GCC_WARN_64_TO_32_BIT_CONVERSION = YES;
				GCC_WARN_ABOUT_RETURN_TYPE = YES_ERROR;
				GCC_WARN_UNDECLARED_SELECTOR = YES;
				GCC_WARN_UNINITIALIZED_AUTOS = YES_AGGRESSIVE;
				GCC_WARN_UNUSED_FUNCTION = YES;
				GCC_WARN_UNUSED_VARIABLE = YES;
				IPHONEOS_DEPLOYMENT_TARGET = 10.0;
				MTL_ENABLE_DEBUG_INFO = YES;
				ONLY_ACTIVE_ARCH = YES;
				SDKROOT = iphoneos;
				TARGETED_DEVICE_FAMILY = "1,2";
			};
			name = Debug;
		};
		1882D73A1D976C240039535A /* Release */ = {
			isa = XCBuildConfiguration;
			buildSettings = {
				ALWAYS_SEARCH_USER_PATHS = NO;
				CLANG_ANALYZER_NONNULL = YES;
				CLANG_CXX_LANGUAGE_STANDARD = "gnu++0x";
				CLANG_CXX_LIBRARY = "libc++";
				CLANG_ENABLE_MODULES = YES;
				CLANG_ENABLE_OBJC_ARC = YES;
				CLANG_WARN_BOOL_CONVERSION = YES;
				CLANG_WARN_CONSTANT_CONVERSION = YES;
				CLANG_WARN_DIRECT_OBJC_ISA_USAGE = YES_ERROR;
				CLANG_WARN_DOCUMENTATION_COMMENTS = YES;
				CLANG_WARN_EMPTY_BODY = YES;
				CLANG_WARN_ENUM_CONVERSION = YES;
				CLANG_WARN_INFINITE_RECURSION = YES;
				CLANG_WARN_INT_CONVERSION = YES;
				CLANG_WARN_OBJC_ROOT_CLASS = YES_ERROR;
				CLANG_WARN_SUSPICIOUS_MOVE = YES;
				CLANG_WARN_SUSPICIOUS_MOVES = YES;
				CLANG_WARN_UNREACHABLE_CODE = YES;
				CLANG_WARN__DUPLICATE_METHOD_MATCH = YES;
				"CODE_SIGN_IDENTITY[sdk=iphoneos*]" = "iPhone Developer";
				COPY_PHASE_STRIP = NO;
				DEBUG_INFORMATION_FORMAT = "dwarf-with-dsym";
				ENABLE_NS_ASSERTIONS = NO;
				ENABLE_STRICT_OBJC_MSGSEND = YES;
				GCC_C_LANGUAGE_STANDARD = gnu99;
				GCC_NO_COMMON_BLOCKS = YES;
				GCC_WARN_64_TO_32_BIT_CONVERSION = YES;
				GCC_WARN_ABOUT_RETURN_TYPE = YES_ERROR;
				GCC_WARN_UNDECLARED_SELECTOR = YES;
				GCC_WARN_UNINITIALIZED_AUTOS = YES_AGGRESSIVE;
				GCC_WARN_UNUSED_FUNCTION = YES;
				GCC_WARN_UNUSED_VARIABLE = YES;
				IPHONEOS_DEPLOYMENT_TARGET = 10.0;
				MTL_ENABLE_DEBUG_INFO = NO;
				SDKROOT = iphoneos;
				TARGETED_DEVICE_FAMILY = "1,2";
				VALIDATE_PRODUCT = YES;
			};
			name = Release;
		};
		1882D73C1D976C240039535A /* Debug */ = {
			isa = XCBuildConfiguration;
			buildSettings = {
				ASSETCATALOG_COMPILER_APPICON_NAME = AppIcon;
				DEVELOPMENT_TEAM = LMFYAZF64N;
				INFOPLIST_FILE = Shire/Info.plist;
				LD_RUNPATH_SEARCH_PATHS = "$(inherited) @executable_path/Frameworks";
				PRODUCT_BUNDLE_IDENTIFIER = com.HTIOT.Shire;
				PRODUCT_NAME = "$(TARGET_NAME)";
			};
			name = Debug;
		};
		1882D73D1D976C240039535A /* Release */ = {
			isa = XCBuildConfiguration;
			buildSettings = {
				ASSETCATALOG_COMPILER_APPICON_NAME = AppIcon;
				DEVELOPMENT_TEAM = LMFYAZF64N;
				INFOPLIST_FILE = Shire/Info.plist;
				LD_RUNPATH_SEARCH_PATHS = "$(inherited) @executable_path/Frameworks";
				PRODUCT_BUNDLE_IDENTIFIER = com.HTIOT.Shire;
				PRODUCT_NAME = "$(TARGET_NAME)";
			};
			name = Release;
		};
		1882D73F1D976C240039535A /* Debug */ = {
			isa = XCBuildConfiguration;
			buildSettings = {
				BUNDLE_LOADER = "$(TEST_HOST)";
				DEVELOPMENT_TEAM = LMFYAZF64N;
				INFOPLIST_FILE = ShireTests/Info.plist;
				LD_RUNPATH_SEARCH_PATHS = "$(inherited) @executable_path/Frameworks @loader_path/Frameworks";
				PRODUCT_BUNDLE_IDENTIFIER = com.HTIOT.ShireTests;
				PRODUCT_NAME = "$(TARGET_NAME)";
				TEST_HOST = "$(BUILT_PRODUCTS_DIR)/Shire.app/Shire";
			};
			name = Debug;
		};
		1882D7401D976C240039535A /* Release */ = {
			isa = XCBuildConfiguration;
			buildSettings = {
				BUNDLE_LOADER = "$(TEST_HOST)";
				DEVELOPMENT_TEAM = LMFYAZF64N;
				INFOPLIST_FILE = ShireTests/Info.plist;
				LD_RUNPATH_SEARCH_PATHS = "$(inherited) @executable_path/Frameworks @loader_path/Frameworks";
				PRODUCT_BUNDLE_IDENTIFIER = com.HTIOT.ShireTests;
				PRODUCT_NAME = "$(TARGET_NAME)";
				TEST_HOST = "$(BUILT_PRODUCTS_DIR)/Shire.app/Shire";
			};
			name = Release;
		};
		1882D7421D976C240039535A /* Debug */ = {
			isa = XCBuildConfiguration;
			buildSettings = {
				DEVELOPMENT_TEAM = LMFYAZF64N;
				INFOPLIST_FILE = ShireUITests/Info.plist;
				LD_RUNPATH_SEARCH_PATHS = "$(inherited) @executable_path/Frameworks @loader_path/Frameworks";
				PRODUCT_BUNDLE_IDENTIFIER = com.HTIOT.ShireUITests;
				PRODUCT_NAME = "$(TARGET_NAME)";
				TEST_TARGET_NAME = Shire;
			};
			name = Debug;
		};
		1882D7431D976C240039535A /* Release */ = {
			isa = XCBuildConfiguration;
			buildSettings = {
				DEVELOPMENT_TEAM = LMFYAZF64N;
				INFOPLIST_FILE = ShireUITests/Info.plist;
				LD_RUNPATH_SEARCH_PATHS = "$(inherited) @executable_path/Frameworks @loader_path/Frameworks";
				PRODUCT_BUNDLE_IDENTIFIER = com.HTIOT.ShireUITests;
				PRODUCT_NAME = "$(TARGET_NAME)";
				TEST_TARGET_NAME = Shire;
			};
			name = Release;
		};
/* End XCBuildConfiguration section */

/* Begin XCConfigurationList section */
		1882D7091D976C240039535A /* Build configuration list for PBXProject "Shire" */ = {
			isa = XCConfigurationList;
			buildConfigurations = (
				1882D7391D976C240039535A /* Debug */,
				1882D73A1D976C240039535A /* Release */,
			);
			defaultConfigurationIsVisible = 0;
			defaultConfigurationName = Release;
		};
		1882D73B1D976C240039535A /* Build configuration list for PBXNativeTarget "Shire" */ = {
			isa = XCConfigurationList;
			buildConfigurations = (
				1882D73C1D976C240039535A /* Debug */,
				1882D73D1D976C240039535A /* Release */,
			);
			defaultConfigurationIsVisible = 0;
			defaultConfigurationName = Release;
		};
		1882D73E1D976C240039535A /* Build configuration list for PBXNativeTarget "ShireTests" */ = {
			isa = XCConfigurationList;
			buildConfigurations = (
				1882D73F1D976C240039535A /* Debug */,
				1882D7401D976C240039535A /* Release */,
			);
			defaultConfigurationIsVisible = 0;
			defaultConfigurationName = Release;
		};
		1882D7411D976C240039535A /* Build configuration list for PBXNativeTarget "ShireUITests" */ = {
			isa = XCConfigurationList;
			buildConfigurations = (
				1882D7421D976C240039535A /* Debug */,
				1882D7431D976C240039535A /* Release */,
			);
			defaultConfigurationIsVisible = 0;
			defaultConfigurationName = Release;
		};
/* End XCConfigurationList section */
	};
	rootObject = 1882D7061D976C240039535A /* Project object */;
}
